%{"bbmustache": {:hex, :bbmustache, "1.0.3"},
  "certifi": {:hex, :certifi, "0.3.0"},
  "erlware_commons": {:hex, :erlware_commons, "0.15.0"},
  "exrm": {:git, "https://github.com/bitwalker/exrm.git", "4c2b476aa25f35961abb783ba64433fe509fff82", [tag: "4c2b476aa25f35961abb783ba64433fe509fff82"]},
  "getopt": {:hex, :getopt, "0.8.2"},
  "hackney": {:hex, :hackney, "1.4.8"},
  "httpoison": {:hex, :httpoison, "0.8.1"},
  "idna": {:hex, :idna, "1.0.3"},
  "mimerl": {:hex, :mimerl, "1.0.2"},
  "nerves": {:git, "https://github.com/nerves-project/nerves.git", "b02a5ba978cb9d56b551dd8ccff731c89e65f765", []},
  "nerves_io_led": {:git, "https://github.com/nerves-project/nerves_io_led.git", "68c875a15cc556533c136545ddd7036f07fc03c4", []},
  "nerves_toolchain": {:git, "https://github.com/nerves-project/nerves-toolchain.git", "b29728bfa9d9a145576a58148e99fe601ccfb6e1", [branch: "mix"]},
  "nerves_toolchain_arm_unknown_linux_gnueabihf": {:git, "https://github.com/nerves-project/nerves_toolchain_arm_unknown_linux_gnueabihf.git", "9256541cbdddab2491ed3ad5323c9fbd26621817", []},
  "providers": {:hex, :providers, "1.4.1"},
  "relx": {:hex, :relx, "3.5.0"},
  "ssl_verify_hostname": {:hex, :ssl_verify_hostname, "1.0.5"}}
